
Microsoft Visual Studio Solution File, Format Version 12.00
# Visual Studio Version 16
VisualStudioVersion = 16.0.29319.158
MinimumVisualStudioVersion = 10.0.40219.1
Project("{9A19103F-16F7-4668-BE54-9A1E7A4F7556}") = "InheritanceInterfacesAbstractAndClasses", "src\InheritanceInterfacesAbstractAndClasses\InheritanceInterfacesAbstractAndClasses.csproj", "{47041254-A440-4D7D-B7A0-DF593905CE52}"
EndProject
Project("{9A19103F-16F7-4668-BE54-9A1E7A4F7556}") = "InheritanceInterfacesAbstractAndClassesTests", "tests\InheritanceInterfacesAbstractAndClassesTests\InheritanceInterfacesAbstractAndClassesTests.csproj", "{AFA61AD6-4042-4B63-BC75-722FBC4D2879}"
EndProject
Global
	GlobalSection(SolutionConfigurationPlatforms) = preSolution
		Debug|Any CPU = Debug|Any CPU
		Debug|x64 = Debug|x64
		Release|Any CPU = Release|Any CPU
		Release|x64 = Release|x64
	EndGlobalSection
	GlobalSection(ProjectConfigurationPlatforms) = postSolution
		{47041254-A440-4D7D-B7A0-DF593905CE52}.Debug|Any CPU.ActiveCfg = Debug|Any CPU
		{47041254-A440-4D7D-B7A0-DF593905CE52}.Debug|Any CPU.Build.0 = Debug|Any CPU
		{47041254-A440-4D7D-B7A0-DF593905CE52}.Debug|x64.ActiveCfg = Debug|x64
		{47041254-A440-4D7D-B7A0-DF593905CE52}.Debug|x64.Build.0 = Debug|x64
		{47041254-A440-4D7D-B7A0-DF593905CE52}.Release|Any CPU.ActiveCfg = Release|Any CPU
		{47041254-A440-4D7D-B7A0-DF593905CE52}.Release|Any CPU.Build.0 = Release|Any CPU
		{47041254-A440-4D7D-B7A0-DF593905CE52}.Release|x64.ActiveCfg = Release|x64
		{47041254-A440-4D7D-B7A0-DF593905CE52}.Release|x64.Build.0 = Release|x64
		{AFA61AD6-4042-4B63-BC75-722FBC4D2879}.Debug|Any CPU.ActiveCfg = Debug|Any CPU
		{AFA61AD6-4042-4B63-BC75-722FBC4D2879}.Debug|Any CPU.Build.0 = Debug|Any CPU
		{AFA61AD6-4042-4B63-BC75-722FBC4D2879}.Debug|x64.ActiveCfg = Debug|Any CPU
		{AFA61AD6-4042-4B63-BC75-722FBC4D2879}.Debug|x64.Build.0 = Debug|Any CPU
		{AFA61AD6-4042-4B63-BC75-722FBC4D2879}.Release|Any CPU.ActiveCfg = Release|Any CPU
		{AFA61AD6-4042-4B63-BC75-722FBC4D2879}.Release|Any CPU.Build.0 = Release|Any CPU
		{AFA61AD6-4042-4B63-BC75-722FBC4D2879}.Release|x64.ActiveCfg = Release|Any CPU
		{AFA61AD6-4042-4B63-BC75-722FBC4D2879}.Release|x64.Build.0 = Release|Any CPU
	EndGlobalSection
	GlobalSection(SolutionProperties) = preSolution
		HideSolutionNode = FALSE
	EndGlobalSection
	GlobalSection(ExtensibilityGlobals) = postSolution
		SolutionGuid = {09C59903-2B55-46D6-B4B2-7248136E099E}
	EndGlobalSection
EndGlobal
