
Microsoft Visual Studio Solution File, Format Version 12.00
# Visual Studio Version 16
VisualStudioVersion = 16.0.29319.158
MinimumVisualStudioVersion = 10.0.40219.1
Project("{FAE04EC0-301F-11D3-BF4B-00C04F79EFBC}") = "OverloadOperationsTask2", "OverloadOperationsTask2\OverloadOperationsTask2.csproj", "{33D84C96-A3D1-4BEE-9CE1-5DD083CD05D1}"
EndProject
Global
	GlobalSection(SolutionConfigurationPlatforms) = preSolution
		Debug|Any CPU = Debug|Any CPU
		Release|Any CPU = Release|Any CPU
	EndGlobalSection
	GlobalSection(ProjectConfigurationPlatforms) = postSolution
		{33D84C96-A3D1-4BEE-9CE1-5DD083CD05D1}.Debug|Any CPU.ActiveCfg = Debug|Any CPU
		{33D84C96-A3D1-4BEE-9CE1-5DD083CD05D1}.Debug|Any CPU.Build.0 = Debug|Any CPU
		{33D84C96-A3D1-4BEE-9CE1-5DD083CD05D1}.Release|Any CPU.ActiveCfg = Release|Any CPU
		{33D84C96-A3D1-4BEE-9CE1-5DD083CD05D1}.Release|Any CPU.Build.0 = Release|Any CPU
	EndGlobalSection
	GlobalSection(SolutionProperties) = preSolution
		HideSolutionNode = FALSE
	EndGlobalSection
	GlobalSection(ExtensibilityGlobals) = postSolution
		SolutionGuid = {41418156-3B8F-46D5-8883-CD008DE0EC87}
	EndGlobalSection
EndGlobal
