
Microsoft Visual Studio Solution File, Format Version 12.00
# Visual Studio Version 16
VisualStudioVersion = 16.0.29319.158
MinimumVisualStudioVersion = 10.0.40219.1
Project("{FAE04EC0-301F-11D3-BF4B-00C04F79EFBC}") = "ConsoleAppTcpServer", "src\ConsoleAppTcpServer\ConsoleAppTcpServer.csproj", "{30485FE4-68D7-4FC4-AC66-9C1FD23863F3}"
EndProject
Project("{FAE04EC0-301F-11D3-BF4B-00C04F79EFBC}") = "ConsoleAppTcpClient", "src\ConsoleAppTcpClient\ConsoleAppTcpClient.csproj", "{B61036CA-CB99-43FA-8022-3C5E71EC85A0}"
EndProject
Project("{FAE04EC0-301F-11D3-BF4B-00C04F79EFBC}") = "ClientServerLib", "src\ClientServerLib\ClientServerLib.csproj", "{4346D723-0BEF-45B1-A0CE-FEDECC5A6CF4}"
EndProject
Global
	GlobalSection(SolutionConfigurationPlatforms) = preSolution
		Debug|Any CPU = Debug|Any CPU
		Release|Any CPU = Release|Any CPU
	EndGlobalSection
	GlobalSection(ProjectConfigurationPlatforms) = postSolution
		{30485FE4-68D7-4FC4-AC66-9C1FD23863F3}.Debug|Any CPU.ActiveCfg = Debug|Any CPU
		{30485FE4-68D7-4FC4-AC66-9C1FD23863F3}.Debug|Any CPU.Build.0 = Debug|Any CPU
		{30485FE4-68D7-4FC4-AC66-9C1FD23863F3}.Release|Any CPU.ActiveCfg = Release|Any CPU
		{30485FE4-68D7-4FC4-AC66-9C1FD23863F3}.Release|Any CPU.Build.0 = Release|Any CPU
		{B61036CA-CB99-43FA-8022-3C5E71EC85A0}.Debug|Any CPU.ActiveCfg = Debug|Any CPU
		{B61036CA-CB99-43FA-8022-3C5E71EC85A0}.Debug|Any CPU.Build.0 = Debug|Any CPU
		{B61036CA-CB99-43FA-8022-3C5E71EC85A0}.Release|Any CPU.ActiveCfg = Release|Any CPU
		{B61036CA-CB99-43FA-8022-3C5E71EC85A0}.Release|Any CPU.Build.0 = Release|Any CPU
		{4346D723-0BEF-45B1-A0CE-FEDECC5A6CF4}.Debug|Any CPU.ActiveCfg = Debug|Any CPU
		{4346D723-0BEF-45B1-A0CE-FEDECC5A6CF4}.Debug|Any CPU.Build.0 = Debug|Any CPU
		{4346D723-0BEF-45B1-A0CE-FEDECC5A6CF4}.Release|Any CPU.ActiveCfg = Release|Any CPU
		{4346D723-0BEF-45B1-A0CE-FEDECC5A6CF4}.Release|Any CPU.Build.0 = Release|Any CPU
	EndGlobalSection
	GlobalSection(SolutionProperties) = preSolution
		HideSolutionNode = FALSE
	EndGlobalSection
	GlobalSection(ExtensibilityGlobals) = postSolution
		SolutionGuid = {09C59903-2B55-46D6-B4B2-7248136E099E}
	EndGlobalSection
EndGlobal
