
Microsoft Visual Studio Solution File, Format Version 12.00
# Visual Studio Version 16
VisualStudioVersion = 16.0.29319.158
MinimumVisualStudioVersion = 10.0.40219.1
Project("{FAE04EC0-301F-11D3-BF4B-00C04F79EFBC}") = "ConsoleApp1", "ConsoleApp1\ConsoleApp1.csproj", "{ECED80FE-E3A6-490B-B7E4-7451014761B2}"
EndProject
Project("{FAE04EC0-301F-11D3-BF4B-00C04F79EFBC}") = "ConsoleApp1Tests", "ConsoleApp1Tests\ConsoleApp1Tests.csproj", "{C796C811-BEAD-4CBD-B67C-ACA273EBCAF9}"
EndProject
Global
	GlobalSection(SolutionConfigurationPlatforms) = preSolution
		Debug|Any CPU = Debug|Any CPU
		Release|Any CPU = Release|Any CPU
	EndGlobalSection
	GlobalSection(ProjectConfigurationPlatforms) = postSolution
		{ECED80FE-E3A6-490B-B7E4-7451014761B2}.Debug|Any CPU.ActiveCfg = Debug|Any CPU
		{ECED80FE-E3A6-490B-B7E4-7451014761B2}.Debug|Any CPU.Build.0 = Debug|Any CPU
		{ECED80FE-E3A6-490B-B7E4-7451014761B2}.Release|Any CPU.ActiveCfg = Release|Any CPU
		{ECED80FE-E3A6-490B-B7E4-7451014761B2}.Release|Any CPU.Build.0 = Release|Any CPU
		{C796C811-BEAD-4CBD-B67C-ACA273EBCAF9}.Debug|Any CPU.ActiveCfg = Debug|Any CPU
		{C796C811-BEAD-4CBD-B67C-ACA273EBCAF9}.Debug|Any CPU.Build.0 = Debug|Any CPU
		{C796C811-BEAD-4CBD-B67C-ACA273EBCAF9}.Release|Any CPU.ActiveCfg = Release|Any CPU
		{C796C811-BEAD-4CBD-B67C-ACA273EBCAF9}.Release|Any CPU.Build.0 = Release|Any CPU
	EndGlobalSection
	GlobalSection(SolutionProperties) = preSolution
		HideSolutionNode = FALSE
	EndGlobalSection
	GlobalSection(ExtensibilityGlobals) = postSolution
		SolutionGuid = {C558D19C-7AE2-45F8-851F-89D1275372F1}
	EndGlobalSection
EndGlobal
